{
  "version": 4,
  "terraform_version": "1.8.3",
  "serial": 13,
  "lineage": "639d9322-b02d-28f2-ff0a-0c34c2dd7a1a",
  "outputs": {},
  "resources": [
    {
      "mode": "data",
      "type": "archive_file",
      "name": "zip",
      "provider": "provider[\"registry.terraform.io/hashicorp/archive\"]",
      "instances": [
        {
          "schema_version": 0,
          "attributes": {
            "exclude_symlink_directories": null,
            "excludes": null,
            "id": "f0bb128427ce627024eda833332f6dedfaa9b2dc",
            "output_base64sha256": "VpNn6uO1ehxWLv4MPrfp5vKeYslsKVQ+cjCxzoSa5kU=",
            "output_base64sha512": "4+3jULYQ2CZrcds4rUjbBSbnoIurOjynQvTdxP8xvpr5hIcz1cmCXIecoP9m+o99XhxOlDU6n+rW6aoBYV0S7w==",
            "output_file_mode": null,
            "output_md5": "826cf9451ce6c273b8483af28c916801",
            "output_path": "./packedlambda.zip",
            "output_sha": "f0bb128427ce627024eda833332f6dedfaa9b2dc",
            "output_sha256": "569367eae3b57a1c562efe0c3eb7e9e6f29e62c96c29543e7230b1ce849ae645",
            "output_sha512": "e3ede350b610d8266b71db38ad48db0526e7a08bab3a3ca742f4ddc4ff31be9af9848733d5c9825c879ca0ff66fa8f7d5e1c4e94353a9fead6e9aa01615d12ef",
            "output_size": 365,
            "source": [],
            "source_content": null,
            "source_content_filename": null,
            "source_dir": "./lambda/",
            "source_file": null,
            "type": "zip"
          },
          "sensitive_attributes": []
        }
      ]
    },
    {
      "mode": "managed",
      "type": "aws_iam_policy",
      "name": "iam_policy_for_resume_project",
      "provider": "provider[\"registry.terraform.io/hashicorp/aws\"]",
      "instances": [
        {
          "schema_version": 0,
          "attributes": {
            "arn": "arn:aws:iam::975050192648:policy/aws_iam_policy_for_terraform_resume_project_policy",
            "attachment_count": 1,
            "description": "AWS IAM Policy for managing the resume project role",
            "id": "arn:aws:iam::975050192648:policy/aws_iam_policy_for_terraform_resume_project_policy",
            "name": "aws_iam_policy_for_terraform_resume_project_policy",
            "name_prefix": "",
            "path": "/",
            "policy": "{\"Statement\":[{\"Action\":[\"logs:CreateLogGroup\",\"logs:CreateLogStream\",\"logs:PutLogEvents\"],\"Effect\":\"Allow\",\"Resource\":\"arn:aws:logs:*:*:*\"},{\"Action\":[\"dynamodb:UpdateItem\",\"dynamodb:GetItem\"],\"Effect\":\"Allow\",\"Resource\":\"arn:aws:dynamodb:*:*:table/cloudresume-test\"}],\"Version\":\"2012-10-17\"}",
            "policy_id": "ANPA6GBMFG4EA22TV4R4G",
            "tags": {},
            "tags_all": {}
          },
          "sensitive_attributes": [],
          "private": "bnVsbA=="
        }
      ]
    },
    {
      "mode": "managed",
      "type": "aws_iam_role",
      "name": "iam_for_lambda",
      "provider": "provider[\"registry.terraform.io/hashicorp/aws\"]",
      "instances": [
        {
          "schema_version": 0,
          "attributes": {
            "arn": "arn:aws:iam::975050192648:role/iam_for_lambda",
            "assume_role_policy": "{\"Statement\":[{\"Action\":\"sts:AssumeRole\",\"Effect\":\"Allow\",\"Principal\":{\"Service\":\"lambda.amazonaws.com\"},\"Sid\":\"\"}],\"Version\":\"2012-10-17\"}",
            "create_date": "2024-05-15T08:46:41Z",
            "description": "",
            "force_detach_policies": false,
            "id": "iam_for_lambda",
            "inline_policy": [],
            "managed_policy_arns": [
              "arn:aws:iam::975050192648:policy/aws_iam_policy_for_terraform_resume_project_policy"
            ],
            "max_session_duration": 3600,
            "name": "iam_for_lambda",
            "name_prefix": "",
            "path": "/",
            "permissions_boundary": "",
            "tags": {},
            "tags_all": {},
            "unique_id": "AROA6GBMFG4EPXAO7S2CH"
          },
          "sensitive_attributes": [],
          "private": "bnVsbA=="
        }
      ]
    },
    {
      "mode": "managed",
      "type": "aws_iam_role_policy_attachment",
      "name": "attach_iam_policy_to_iam_role",
      "provider": "provider[\"registry.terraform.io/hashicorp/aws\"]",
      "instances": [
        {
          "schema_version": 0,
          "attributes": {
            "id": "iam_for_lambda-20240515092616188900000001",
            "policy_arn": "arn:aws:iam::975050192648:policy/aws_iam_policy_for_terraform_resume_project_policy",
            "role": "iam_for_lambda"
          },
          "sensitive_attributes": [],
          "private": "bnVsbA==",
          "dependencies": [
            "aws_iam_policy.iam_policy_for_resume_project",
            "aws_iam_role.iam_for_lambda"
          ]
        }
      ]
    },
    {
      "mode": "managed",
      "type": "aws_lambda_function",
      "name": "mylamfuntion",
      "provider": "provider[\"registry.terraform.io/hashicorp/aws\"]",
      "instances": [
        {
          "schema_version": 0,
          "attributes": {
            "architectures": [
              "x86_64"
            ],
            "arn": "arn:aws:lambda:ap-southeast-2:975050192648:function:mylamfunction",
            "code_signing_config_arn": "",
            "dead_letter_config": [],
            "description": "",
            "environment": [],
            "ephemeral_storage": [
              {
                "size": 512
              }
            ],
            "file_system_config": [],
            "filename": "./packedlambda.zip",
            "function_name": "mylamfunction",
            "handler": "function.handler",
            "id": "mylamfunction",
            "image_config": [],
            "image_uri": "",
            "invoke_arn": "arn:aws:apigateway:ap-southeast-2:lambda:path/2015-03-31/functions/arn:aws:lambda:ap-southeast-2:975050192648:function:mylamfunction/invocations",
            "kms_key_arn": "",
            "last_modified": "2024-05-15T09:03:33.662+0000",
            "layers": [],
            "logging_config": [
              {
                "application_log_level": "",
                "log_format": "Text",
                "log_group": "/aws/lambda/mylamfunction",
                "system_log_level": ""
              }
            ],
            "memory_size": 128,
            "package_type": "Zip",
            "publish": false,
            "qualified_arn": "arn:aws:lambda:ap-southeast-2:975050192648:function:mylamfunction:$LATEST",
            "qualified_invoke_arn": "arn:aws:apigateway:ap-southeast-2:lambda:path/2015-03-31/functions/arn:aws:lambda:ap-southeast-2:975050192648:function:mylamfunction:$LATEST/invocations",
            "replace_security_groups_on_destroy": null,
            "replacement_security_group_ids": null,
            "reserved_concurrent_executions": -1,
            "role": "arn:aws:iam::975050192648:role/iam_for_lambda",
            "runtime": "python3.12",
            "s3_bucket": null,
            "s3_key": null,
            "s3_object_version": null,
            "signing_job_arn": "",
            "signing_profile_version_arn": "",
            "skip_destroy": false,
            "snap_start": [],
            "source_code_hash": "VpNn6uO1ehxWLv4MPrfp5vKeYslsKVQ+cjCxzoSa5kU=",
            "source_code_size": 365,
            "tags": {},
            "tags_all": {},
            "timeout": 3,
            "timeouts": null,
            "tracing_config": [
              {
                "mode": "PassThrough"
              }
            ],
            "version": "$LATEST",
            "vpc_config": []
          },
          "sensitive_attributes": [],
          "private": "eyJlMmJmYjczMC1lY2FhLTExZTYtOGY4OC0zNDM2M2JjN2M0YzAiOnsiY3JlYXRlIjo2MDAwMDAwMDAwMDAsImRlbGV0ZSI6NjAwMDAwMDAwMDAwLCJ1cGRhdGUiOjYwMDAwMDAwMDAwMH19",
          "dependencies": [
            "aws_iam_role.iam_for_lambda",
            "data.archive_file.zip"
          ]
        }
      ]
    },
    {
      "mode": "managed",
      "type": "aws_lambda_function_url",
      "name": "url1",
      "provider": "provider[\"registry.terraform.io/hashicorp/aws\"]",
      "instances": [
        {
          "schema_version": 0,
          "attributes": {
            "authorization_type": "NONE",
            "cors": [
              {
                "allow_credentials": true,
                "allow_headers": [
                  "date",
                  "keep-alive"
                ],
                "allow_methods": [
                  "*"
                ],
                "allow_origins": [
                  "https://resume.santoshadhikari1345.com.np"
                ],
                "expose_headers": [
                  "date",
                  "keep-alive"
                ],
                "max_age": 80000
              }
            ],
            "function_arn": "arn:aws:lambda:ap-southeast-2:975050192648:function:mylamfunction",
            "function_name": "mylamfunction",
            "function_url": "https://27p6mcvlnn7e5vfw4oz5njyrre0mikuh.lambda-url.ap-southeast-2.on.aws/",
            "id": "mylamfunction",
            "invoke_mode": "BUFFERED",
            "qualifier": "",
            "timeouts": null,
            "url_id": "27p6mcvlnn7e5vfw4oz5njyrre0mikuh"
          },
          "sensitive_attributes": [],
          "private": "eyJlMmJmYjczMC1lY2FhLTExZTYtOGY4OC0zNDM2M2JjN2M0YzAiOnsiY3JlYXRlIjo2MDAwMDAwMDAwMDB9fQ==",
          "dependencies": [
            "aws_iam_role.iam_for_lambda",
            "aws_lambda_function.mylamfuntion",
            "data.archive_file.zip"
          ]
        }
      ]
    }
  ],
  "check_results": null
}
